
Microsoft Visual Studio Solution File, Format Version 12.00
# Visual Studio Version 17
VisualStudioVersion = 17.4.33213.308
MinimumVisualStudioVersion = 10.0.40219.1
Project("{FAE04EC0-301F-11D3-BF4B-00C04F79EFBC}") = "SlunchevIzgrev", "SlunchevIzgrev\SlunchevIzgrev.csproj", "{AA1BEE22-108C-4130-9A7A-0FA440BB47DA}"
EndProject
Global
	GlobalSection(SolutionConfigurationPlatforms) = preSolution
		Debug|Any CPU = Debug|Any CPU
		Release|Any CPU = Release|Any CPU
	EndGlobalSection
	GlobalSection(ProjectConfigurationPlatforms) = postSolution
		{AA1BEE22-108C-4130-9A7A-0FA440BB47DA}.Debug|Any CPU.ActiveCfg = Debug|Any CPU
		{AA1BEE22-108C-4130-9A7A-0FA440BB47DA}.Debug|Any CPU.Build.0 = Debug|Any CPU
		{AA1BEE22-108C-4130-9A7A-0FA440BB47DA}.Release|Any CPU.ActiveCfg = Release|Any CPU
		{AA1BEE22-108C-4130-9A7A-0FA440BB47DA}.Release|Any CPU.Build.0 = Release|Any CPU
	EndGlobalSection
	GlobalSection(SolutionProperties) = preSolution
		HideSolutionNode = FALSE
	EndGlobalSection
	GlobalSection(ExtensibilityGlobals) = postSolution
		SolutionGuid = {7AA080FF-D2DA-482D-8D10-C0EEC605B8B2}
	EndGlobalSection
EndGlobal
